
Microsoft Visual Studio Solution File, Format Version 12.00
# Visual Studio 2017
Project("{FAE04EC0-301F-11D3-BF4B-00C04F79EFBC}") = "basic-usage", "basic-usage.csproj", "{EA242779-38BF-ADC0-C429-A42344539E3B}"
EndProject
Global
	GlobalSection(SolutionConfigurationPlatforms) = preSolution
		Debug|Any CPU = Debug|Any CPU
		Release|Any CPU = Release|Any CPU
	EndGlobalSection
	GlobalSection(ProjectConfigurationPlatforms) = postSolution
		{EA242779-38BF-ADC0-C429-A42344539E3B}.Debug|Any CPU.ActiveCfg = Debug|Any CPU
		{EA242779-38BF-ADC0-C429-A42344539E3B}.Debug|Any CPU.Build.0 = Debug|Any CPU
		{EA242779-38BF-ADC0-C429-A42344539E3B}.Release|Any CPU.ActiveCfg = Release|Any CPU
		{EA242779-38BF-ADC0-C429-A42344539E3B}.Release|Any CPU.Build.0 = Release|Any CPU
	EndGlobalSection
	GlobalSection(SolutionProperties) = preSolution
		HideSolutionNode = FALSE
	EndGlobalSection
EndGlobal
